
Microsoft Visual Studio Solution File, Format Version 12.00
Project("{2150E333-8FDC-42A3-9474-1A3956D46DE8}") = "Deployment", "Deployment", "{964C8E95-E8DB-47BE-A95C-A219CCD02F84}"
	ProjectSection(SolutionItems) = preProject
		Deployment\local-build-and-deploy.sh = Deployment\local-build-and-deploy.sh
		Deployment\prod-build-and-deploy.sh = Deployment\prod-build-and-deploy.sh
	EndProjectSection
EndProject
Project("{2150E333-8FDC-42A3-9474-1A3956D46DE8}") = "Src", "Src", "{74F1DB61-5EDB-4E4F-AD46-42AFD29DE4C5}"
EndProject
Project("{2150E333-8FDC-42A3-9474-1A3956D46DE8}") = "Test", "Test", "{8863668B-6EA3-4426-AAED-99F96A472832}"
EndProject
Project("{2150E333-8FDC-42A3-9474-1A3956D46DE8}") = "Documentation", "Documentation", "{CFFB5134-08EB-4EC5-8156-B90C14B461CC}"
	ProjectSection(SolutionItems) = preProject
		..\Documentation\Links.md = ..\Documentation\Links.md
		..\Documentation\MiniKube.md = ..\Documentation\MiniKube.md
		..\README.md = ..\README.md
		..\Documentation\InstallGuide.md = ..\Documentation\InstallGuide.md
		..\Documentation\Microk8s.md = ..\Documentation\Microk8s.md
		..\Documentation\Database.md = ..\Documentation\Database.md
	EndProjectSection
EndProject
Project("{2150E333-8FDC-42A3-9474-1A3956D46DE8}") = "Kubernetes", "Kubernetes", "{2EFC9FF6-A19C-4C72-9128-931031EC37D8}"
EndProject
Project("{FAE04EC0-301F-11D3-BF4B-00C04F79EFBC}") = "HouseApp.Frontend.UI", "HouseApp.Frontend.UI\HouseApp.Frontend.UI.csproj", "{AB82131F-5612-4EE5-92EE-AFBFB5A8583B}"
EndProject
Project("{2150E333-8FDC-42A3-9474-1A3956D46DE8}") = "Environment", "Environment", "{441105C6-3279-4E97-9128-8C407DBC0999}"
	ProjectSection(SolutionItems) = preProject
		Deployment\Kubernetes\Environment\Ingress-Deployment-Local.yaml = Deployment\Kubernetes\Environment\Ingress-Deployment-Local.yaml
		Deployment\Kubernetes\Environment\Ingress-Deployment-Prod.yaml = Deployment\Kubernetes\Environment\Ingress-Deployment-Prod.yaml
		Deployment\Kubernetes\Environment\Config.yaml = Deployment\Kubernetes\Environment\Config.yaml
	EndProjectSection
EndProject
Project("{2150E333-8FDC-42A3-9474-1A3956D46DE8}") = "HouseApps", "HouseApps", "{E41E632D-1012-4A7C-979B-EF7810588EAF}"
	ProjectSection(SolutionItems) = preProject
		Deployment\Kubernetes\HouseApps\UI-Deployment.yaml = Deployment\Kubernetes\HouseApps\UI-Deployment.yaml
		Deployment\Kubernetes\HouseApps\Api-Deployment.yaml = Deployment\Kubernetes\HouseApps\Api-Deployment.yaml
		Deployment\Kubernetes\HouseApps\JobRunner-Deployment.yaml = Deployment\Kubernetes\HouseApps\JobRunner-Deployment.yaml
	EndProjectSection
EndProject
Project("{2150E333-8FDC-42A3-9474-1A3956D46DE8}") = "External", "External", "{B41A6AE2-786F-4F86-80B0-BD42871D7FC6}"
	ProjectSection(SolutionItems) = preProject
		Deployment\Kubernetes\External\Postgres-Deployment.yaml = Deployment\Kubernetes\External\Postgres-Deployment.yaml
	EndProjectSection
EndProject
Project("{FAE04EC0-301F-11D3-BF4B-00C04F79EFBC}") = "HouseApp.Backend.API", "HouseApp.Backend.API\HouseApp.Backend.API.csproj", "{801D4026-1AD2-4DFC-814A-92D51B5AE079}"
EndProject
Project("{FAE04EC0-301F-11D3-BF4B-00C04F79EFBC}") = "HouseApp.Backend.JobRunner", "HouseApp.Backend.JobRunner\HouseApp.Backend.JobRunner.csproj", "{7159593C-1C7E-45AE-ADAD-3CDD9201291D}"
EndProject
Project("{2150E333-8FDC-42A3-9474-1A3956D46DE8}") = "Solution", "Solution", "{CCBC3CE0-E6BF-4749-823A-2376D98FB99F}"
	ProjectSection(SolutionItems) = preProject
		global.json = global.json
	EndProjectSection
EndProject
Project("{FAE04EC0-301F-11D3-BF4B-00C04F79EFBC}") = "HouseApp.Backend.Infrastructure", "HouseApp.Backend.Infrastructure\HouseApp.Backend.Infrastructure.csproj", "{0A4131FA-E220-47E9-84D0-2D56D3B94ED3}"
EndProject
Project("{FAE04EC0-301F-11D3-BF4B-00C04F79EFBC}") = "HouseApp.Backend.Application", "HouseApp.Backend.Application\HouseApp.Backend.Application.csproj", "{CF236963-27FC-4764-8B7A-01196144ABC5}"
EndProject
Project("{FAE04EC0-301F-11D3-BF4B-00C04F79EFBC}") = "HouseApp.Backend.Domain", "HouseApp.Backend.Domain\HouseApp.Backend.Domain.csproj", "{72E7D6AB-AF88-499A-B3F3-258634B8FBD0}"
EndProject
Project("{FAE04EC0-301F-11D3-BF4B-00C04F79EFBC}") = "HouseApp.Contracts", "HouseApp.Contracts\HouseApp.Contracts.csproj", "{E823BFAD-6D64-484E-A1A7-2F26A6BC3BC5}"
EndProject
Global
	GlobalSection(SolutionConfigurationPlatforms) = preSolution
		Debug|Any CPU = Debug|Any CPU
		Release|Any CPU = Release|Any CPU
	EndGlobalSection
	GlobalSection(ProjectConfigurationPlatforms) = postSolution
		{AB82131F-5612-4EE5-92EE-AFBFB5A8583B}.Debug|Any CPU.ActiveCfg = Debug|Any CPU
		{AB82131F-5612-4EE5-92EE-AFBFB5A8583B}.Debug|Any CPU.Build.0 = Debug|Any CPU
		{AB82131F-5612-4EE5-92EE-AFBFB5A8583B}.Release|Any CPU.ActiveCfg = Release|Any CPU
		{AB82131F-5612-4EE5-92EE-AFBFB5A8583B}.Release|Any CPU.Build.0 = Release|Any CPU
		{801D4026-1AD2-4DFC-814A-92D51B5AE079}.Debug|Any CPU.ActiveCfg = Debug|Any CPU
		{801D4026-1AD2-4DFC-814A-92D51B5AE079}.Debug|Any CPU.Build.0 = Debug|Any CPU
		{801D4026-1AD2-4DFC-814A-92D51B5AE079}.Release|Any CPU.ActiveCfg = Release|Any CPU
		{801D4026-1AD2-4DFC-814A-92D51B5AE079}.Release|Any CPU.Build.0 = Release|Any CPU
		{7159593C-1C7E-45AE-ADAD-3CDD9201291D}.Debug|Any CPU.ActiveCfg = Debug|Any CPU
		{7159593C-1C7E-45AE-ADAD-3CDD9201291D}.Debug|Any CPU.Build.0 = Debug|Any CPU
		{7159593C-1C7E-45AE-ADAD-3CDD9201291D}.Release|Any CPU.ActiveCfg = Release|Any CPU
		{7159593C-1C7E-45AE-ADAD-3CDD9201291D}.Release|Any CPU.Build.0 = Release|Any CPU
		{0A4131FA-E220-47E9-84D0-2D56D3B94ED3}.Debug|Any CPU.ActiveCfg = Debug|Any CPU
		{0A4131FA-E220-47E9-84D0-2D56D3B94ED3}.Debug|Any CPU.Build.0 = Debug|Any CPU
		{0A4131FA-E220-47E9-84D0-2D56D3B94ED3}.Release|Any CPU.ActiveCfg = Release|Any CPU
		{0A4131FA-E220-47E9-84D0-2D56D3B94ED3}.Release|Any CPU.Build.0 = Release|Any CPU
		{CF236963-27FC-4764-8B7A-01196144ABC5}.Debug|Any CPU.ActiveCfg = Debug|Any CPU
		{CF236963-27FC-4764-8B7A-01196144ABC5}.Debug|Any CPU.Build.0 = Debug|Any CPU
		{CF236963-27FC-4764-8B7A-01196144ABC5}.Release|Any CPU.ActiveCfg = Release|Any CPU
		{CF236963-27FC-4764-8B7A-01196144ABC5}.Release|Any CPU.Build.0 = Release|Any CPU
		{72E7D6AB-AF88-499A-B3F3-258634B8FBD0}.Debug|Any CPU.ActiveCfg = Debug|Any CPU
		{72E7D6AB-AF88-499A-B3F3-258634B8FBD0}.Debug|Any CPU.Build.0 = Debug|Any CPU
		{72E7D6AB-AF88-499A-B3F3-258634B8FBD0}.Release|Any CPU.ActiveCfg = Release|Any CPU
		{72E7D6AB-AF88-499A-B3F3-258634B8FBD0}.Release|Any CPU.Build.0 = Release|Any CPU
		{E823BFAD-6D64-484E-A1A7-2F26A6BC3BC5}.Debug|Any CPU.ActiveCfg = Debug|Any CPU
		{E823BFAD-6D64-484E-A1A7-2F26A6BC3BC5}.Debug|Any CPU.Build.0 = Debug|Any CPU
		{E823BFAD-6D64-484E-A1A7-2F26A6BC3BC5}.Release|Any CPU.ActiveCfg = Release|Any CPU
		{E823BFAD-6D64-484E-A1A7-2F26A6BC3BC5}.Release|Any CPU.Build.0 = Release|Any CPU
	EndGlobalSection
	GlobalSection(NestedProjects) = preSolution
		{2EFC9FF6-A19C-4C72-9128-931031EC37D8} = {964C8E95-E8DB-47BE-A95C-A219CCD02F84}
		{AB82131F-5612-4EE5-92EE-AFBFB5A8583B} = {74F1DB61-5EDB-4E4F-AD46-42AFD29DE4C5}
		{441105C6-3279-4E97-9128-8C407DBC0999} = {2EFC9FF6-A19C-4C72-9128-931031EC37D8}
		{E41E632D-1012-4A7C-979B-EF7810588EAF} = {2EFC9FF6-A19C-4C72-9128-931031EC37D8}
		{B41A6AE2-786F-4F86-80B0-BD42871D7FC6} = {2EFC9FF6-A19C-4C72-9128-931031EC37D8}
		{801D4026-1AD2-4DFC-814A-92D51B5AE079} = {74F1DB61-5EDB-4E4F-AD46-42AFD29DE4C5}
		{7159593C-1C7E-45AE-ADAD-3CDD9201291D} = {74F1DB61-5EDB-4E4F-AD46-42AFD29DE4C5}
		{0A4131FA-E220-47E9-84D0-2D56D3B94ED3} = {74F1DB61-5EDB-4E4F-AD46-42AFD29DE4C5}
		{CF236963-27FC-4764-8B7A-01196144ABC5} = {74F1DB61-5EDB-4E4F-AD46-42AFD29DE4C5}
		{72E7D6AB-AF88-499A-B3F3-258634B8FBD0} = {74F1DB61-5EDB-4E4F-AD46-42AFD29DE4C5}
		{E823BFAD-6D64-484E-A1A7-2F26A6BC3BC5} = {74F1DB61-5EDB-4E4F-AD46-42AFD29DE4C5}
	EndGlobalSection
EndGlobal
